
Microsoft Visual Studio Solution File, Format Version 12.00
# Visual Studio 2013
VisualStudioVersion = 12.0.21005.1
MinimumVisualStudioVersion = 10.0.40219.1
Project("{FAE04EC0-301F-11D3-BF4B-00C04F79EFBC}") = "MagicFaceSmasherPlugin", "MagicFaceSmasherPlugin\MagicFaceSmasherPlugin.csproj", "{87589CF0-95B4-40B7-84C9-F5B01221D68E}"
EndProject
Project("{FAE04EC0-301F-11D3-BF4B-00C04F79EFBC}") = "MagicFaceSmasherCommon", "MagicFaceSmasherCommon\MagicFaceSmasherCommon.csproj", "{195FACEF-0A8C-4719-8B1B-615DF6C9DDC5}"
EndProject
Global
	GlobalSection(SolutionConfigurationPlatforms) = preSolution
		Debug|Any CPU = Debug|Any CPU
		Release|Any CPU = Release|Any CPU
	EndGlobalSection
	GlobalSection(ProjectConfigurationPlatforms) = postSolution
		{87589CF0-95B4-40B7-84C9-F5B01221D68E}.Debug|Any CPU.ActiveCfg = Debug|Any CPU
		{87589CF0-95B4-40B7-84C9-F5B01221D68E}.Debug|Any CPU.Build.0 = Debug|Any CPU
		{87589CF0-95B4-40B7-84C9-F5B01221D68E}.Release|Any CPU.ActiveCfg = Release|Any CPU
		{87589CF0-95B4-40B7-84C9-F5B01221D68E}.Release|Any CPU.Build.0 = Release|Any CPU
		{195FACEF-0A8C-4719-8B1B-615DF6C9DDC5}.Debug|Any CPU.ActiveCfg = Debug|Any CPU
		{195FACEF-0A8C-4719-8B1B-615DF6C9DDC5}.Debug|Any CPU.Build.0 = Debug|Any CPU
		{195FACEF-0A8C-4719-8B1B-615DF6C9DDC5}.Release|Any CPU.ActiveCfg = Release|Any CPU
		{195FACEF-0A8C-4719-8B1B-615DF6C9DDC5}.Release|Any CPU.Build.0 = Release|Any CPU
	EndGlobalSection
	GlobalSection(SolutionProperties) = preSolution
		HideSolutionNode = FALSE
	EndGlobalSection
EndGlobal
